{
  "version": 1,
  "policy": "content-locked",
  "created_at": "2026-08-14T20:06:16Z",
  "approved_by": "human",
  "content_sha256": "ad23c2aa8276e6dbfe288cc4cb1b697fbf5b1b1d142d595d7beea9184ed25dd3",
  "token_sha256": "52789fd21dcd022c13fde19eb35303264e954be2e4e447b0a4dafacc8dc55427",
  "history": [
    {
      "action": "init",
      "at": "2026-08-14T20:06:16Z",
      "reason": "initial plan approval"
    },
    {
      "action": "approve",
      "at": "2026-08-14T22:19:00Z",
      "reason": "DeskAgent v2 self-memory amendment\n (DEC-0009, Phase 5+6 split, DoD update)"
    }
  ]
}
