{
  "version": 1,
  "policy": "content-locked",
  "created_at": "2026-08-14T20:06:16Z",
  "approved_by": "human",
  "content_sha256": "4f86e58bdb9666b5ee61161d865404b5797a6869ba0f3a297e76ed72cf01f7e4",
  "token_sha256": "52789fd21dcd022c13fde19eb35303264e954be2e4e447b0a4dafacc8dc55427",
  "history": [
    {
      "action": "init",
      "at": "2026-08-14T20:06:16Z",
      "reason": "initial plan approval"
    },
    {
      "action": "approve",
      "at": "2026-08-14T22:19:00Z",
      "reason": "DeskAgent v2 self-memory amendment\n (DEC-0009, Phase 5+6 split, DoD update)"
    },
    {
      "action": "approve",
      "at": "2026-08-15T01:16:59Z",
      "reason": "META repo field update"
    },
    {
      "action": "approve",
      "at": "2026-08-15T15:32:49Z",
      "reason": "Milestone 2 — Phases 8-10 approved"
    },
    {
      "action": "approve",
      "at": "2026-08-20T03:10:53Z",
      "reason": "Mobile support for the DeskAgent TUI in the\n Moshi iOS app over SSH"
    }
  ]
}
